
Microsoft Visual Studio Solution File, Format Version 12.00
# Visual Studio Version 16
VisualStudioVersion = 16.0.31624.102
MinimumVisualStudioVersion = 10.0.40219.1
Project("{FAE04EC0-301F-11D3-BF4B-00C04F79EFBC}") = "WpfImageLoad", "WpfImageLoad\WpfImageLoad.csproj", "{A006FADC-A74F-4523-BA08-53AB9CA11311}"
EndProject
Global
	GlobalSection(SolutionConfigurationPlatforms) = preSolution
		Debug|Any CPU = Debug|Any CPU
		Release|Any CPU = Release|Any CPU
	EndGlobalSection
	GlobalSection(ProjectConfigurationPlatforms) = postSolution
		{A006FADC-A74F-4523-BA08-53AB9CA11311}.Debug|Any CPU.ActiveCfg = Debug|Any CPU
		{A006FADC-A74F-4523-BA08-53AB9CA11311}.Debug|Any CPU.Build.0 = Debug|Any CPU
		{A006FADC-A74F-4523-BA08-53AB9CA11311}.Release|Any CPU.ActiveCfg = Release|Any CPU
		{A006FADC-A74F-4523-BA08-53AB9CA11311}.Release|Any CPU.Build.0 = Release|Any CPU
	EndGlobalSection
	GlobalSection(SolutionProperties) = preSolution
		HideSolutionNode = FALSE
	EndGlobalSection
	GlobalSection(ExtensibilityGlobals) = postSolution
		SolutionGuid = {BC6A6ED9-6FB2-4526-A612-C9FAD6BC0971}
	EndGlobalSection
EndGlobal
